github.com/gorilla/mux v1.8.0 h1:i40aqfkR1h2SlN9hojwV5ZA91wcXFOvkdNIeFDP5koI=
github.com/gorilla/mux v1.8.0/go.mod h1:DVbg23sWSpFRCP0SfiEN6jmj59UnW/n46BH5rLB71So=
github.com/tim-krebs/go-microservices/register v0.0.0-20221122192433-b25d545892e4 h1:cH0G5jd7qoPWaHsJb5uTyc4KW8Vrbf7hNJY6/lzRHm0=
github.com/tim-krebs/go-microservices/register v0.0.0-20221122192433-b25d545892e4/go.mod h1:Uf/Tt9Gh/FlF4BBVOLTD6xsIztwyPWDlKU4w24WDqag=
